{
  "name": "next-plugin-graphql",
  "version": "0.0.2",
  "lockfileVersion": 1,
  "requires": true,
  "dependencies": {
    "graphql-tag": {
      "version": "2.10.0",
      "resolved": "https://registry.npmjs.org/graphql-tag/-/graphql-tag-2.10.0.tgz",
      "integrity": "sha512-9FD6cw976TLLf9WYIUPCaaTpniawIjHWZSwIRZSjrfufJamcXbVVYfN2TWvJYbw0Xf2JjYbl1/f2+wDnBVw3/w=="
    }
  }
}
